{
    "_readme": [
        "This file locks the dependencies of your project to a known state",
        "Read more about it at https://getcomposer.org/doc/01-basic-usage.md#installing-dependencies",
        "This file is @generated automatically"
    ],
    "content-hash": "20175f03801e9ce9e9b39019c50e4bf7",
    "packages": [
        {
            "name": "infinum/eightshift-libs",
            "version": "dev-release/3.0.0",
            "source": {
                "type": "git",
                "url": "https://github.com/infinum/eightshift-libs.git",
                "reference": "a7af14fada0c838397bbb647e4451a80d3c68b82"
            },
            "dist": {
                "type": "zip",
                "url": "https://api.github.com/repos/infinum/eightshift-libs/zipball/a7af14fada0c838397bbb647e4451a80d3c68b82",
                "reference": "a7af14fada0c838397bbb647e4451a80d3c68b82",
                "shasum": ""
            },
            "require": {
                "ext-dom": "*",
                "ext-json": "*",
                "ext-libxml": "*",
                "php": "^7.2",
                "php-di/invoker": "^2.0",
                "php-di/php-di": "^6.3.0"
            },
            "require-dev": {
                "brain/monkey": "^2.5",
                "codeception/codeception": "^4.1",
                "codeception/module-asserts": "^1.0",
                "codeception/module-cli": "^1.0",
                "codeception/module-db": "^1.0",
                "codeception/module-filesystem": "^1.0",
                "codeception/module-phpbrowser": "^1.0",
                "codeception/module-webdriver": "^1.0",
                "codeception/util-universalframework": "^1.0",
                "dealerdirect/phpcodesniffer-composer-installer": "^0.7",
                "infinum/coding-standards-wp": "^1.0.1",
                "roave/security-advisories": "dev-master",
                "szepeviktor/phpstan-wordpress": "^0.7",
                "wp-cli/wp-cli": "^2.4"
            },
            "type": "library",
            "autoload": {
                "psr-4": {
                    "EightshiftLibs\\": "src/",
                    "EightshiftBoilerplate\\": "src/"
                }
            },
            "autoload-dev": {
                "psr-4": {
                    "Tests\\": "tests/"
                }
            },
            "scripts": {
                "analyze": [
                    "@php ./vendor/bin/phpstan analyze"
                ],
                "standards:check": [
                    "@php ./vendor/squizlabs/php_codesniffer/bin/phpcs"
                ],
                "standards:fix": [
                    "@php ./vendor/squizlabs/php_codesniffer/bin/phpcbf"
                ],
                "tests:unit": [
                    "@php ./vendor/bin/codecept run unit"
                ],
                "tests:integration": [
                    "@php ./vendor/bin/codecept run integration"
                ]
            },
            "license": [
                "MIT"
            ],
            "authors": [
                {
                    "name": "Eightshift team",
                    "email": "team@eightshift.com",
                    "homepage": "https://eightshift.com/",
                    "role": "Developer / IT Manager"
                }
            ],
            "description": "WordPress libs developed by Eightshift team to use in modern WordPress.",
            "homepage": "https://eightshift.com/",
            "keywords": [
                "Gutenberg",
                "WordPress",
                "blocks",
                "composer",
                "installer",
                "plugin"
            ],
            "support": {
                "issues": "https://github.com/infinum/eightshift-libs/issues",
                "source": "https://github.com/infinum/eightshift-libs"
            },
            "time": "2020-12-08T23:18:56+00:00"
        },
        {
            "name": "opis/closure",
            "version": "3.6.1",
            "source": {
                "type": "git",
                "url": "https://github.com/opis/closure.git",
                "reference": "943b5d70cc5ae7483f6aff6ff43d7e34592ca0f5"
            },
            "dist": {
                "type": "zip",
                "url": "https://api.github.com/repos/opis/closure/zipball/943b5d70cc5ae7483f6aff6ff43d7e34592ca0f5",
                "reference": "943b5d70cc5ae7483f6aff6ff43d7e34592ca0f5",
                "shasum": ""
            },
            "require": {
                "php": "^5.4 || ^7.0 || ^8.0"
            },
            "require-dev": {
                "jeremeamia/superclosure": "^2.0",
                "phpunit/phpunit": "^4.0 || ^5.0 || ^6.0 || ^7.0 || ^8.0 || ^9.0"
            },
            "type": "library",
            "extra": {
                "branch-alias": {
                    "dev-master": "3.6.x-dev"
                }
            },
            "autoload": {
                "psr-4": {
                    "Opis\\Closure\\": "src/"
                },
                "files": [
                    "functions.php"
                ]
            },
            "notification-url": "https://packagist.org/downloads/",
            "license": [
                "MIT"
            ],
            "authors": [
                {
                    "name": "Marius Sarca",
                    "email": "marius.sarca@gmail.com"
                },
                {
                    "name": "Sorin Sarca",
                    "email": "sarca_sorin@hotmail.com"
                }
            ],
            "description": "A library that can be used to serialize closures (anonymous functions) and arbitrary objects.",
            "homepage": "https://opis.io/closure",
            "keywords": [
                "anonymous functions",
                "closure",
                "function",
                "serializable",
                "serialization",
                "serialize"
            ],
            "time": "2020-11-07T02:01:34+00:00"
        },
        {
            "name": "php-di/invoker",
            "version": "2.2.0",
            "source": {
                "type": "git",
                "url": "https://github.com/PHP-DI/Invoker.git",
                "reference": "e08a7c87068daeaeef464b95d81643ea530bc535"
            },
            "dist": {
                "type": "zip",
                "url": "https://api.github.com/repos/PHP-DI/Invoker/zipball/e08a7c87068daeaeef464b95d81643ea530bc535",
                "reference": "e08a7c87068daeaeef464b95d81643ea530bc535",
                "shasum": ""
            },
            "require": {
                "php": ">=7.3",
                "psr/container": "~1.0"
            },
            "require-dev": {
                "athletic/athletic": "~0.1.8",
                "mnapoli/hard-mode": "~0.3.0",
                "phpunit/phpunit": "^9.0"
            },
            "type": "library",
            "autoload": {
                "psr-4": {
                    "Invoker\\": "src/"
                }
            },
            "notification-url": "https://packagist.org/downloads/",
            "license": [
                "MIT"
            ],
            "description": "Generic and extensible callable invoker",
            "homepage": "https://github.com/PHP-DI/Invoker",
            "keywords": [
                "callable",
                "dependency",
                "dependency-injection",
                "injection",
                "invoke",
                "invoker"
            ],
            "funding": [
                {
                    "url": "https://github.com/mnapoli",
                    "type": "github"
                }
            ],
            "time": "2020-10-12T12:15:50+00:00"
        },
        {
            "name": "php-di/php-di",
            "version": "6.3.0",
            "source": {
                "type": "git",
                "url": "https://github.com/PHP-DI/PHP-DI.git",
                "reference": "955cacea6b0beaba07e8c11b8367f5b3d5abe89f"
            },
            "dist": {
                "type": "zip",
                "url": "https://api.github.com/repos/PHP-DI/PHP-DI/zipball/955cacea6b0beaba07e8c11b8367f5b3d5abe89f",
                "reference": "955cacea6b0beaba07e8c11b8367f5b3d5abe89f",
                "shasum": ""
            },
            "require": {
                "opis/closure": "^3.5.5",
                "php": ">=7.2.0",
                "php-di/invoker": "^2.0",
                "php-di/phpdoc-reader": "^2.0.1",
                "psr/container": "^1.0"
            },
            "provide": {
                "psr/container-implementation": "^1.0"
            },
            "require-dev": {
                "doctrine/annotations": "~1.2",
                "friendsofphp/php-cs-fixer": "^2.4",
                "mnapoli/phpunit-easymock": "^1.2",
                "ocramius/proxy-manager": "~2.0.2",
                "phpstan/phpstan": "^0.12",
                "phpunit/phpunit": "^8.5|^9.0"
            },
            "suggest": {
                "doctrine/annotations": "Install it if you want to use annotations (version ~1.2)",
                "ocramius/proxy-manager": "Install it if you want to use lazy injection (version ~2.0)"
            },
            "type": "library",
            "autoload": {
                "psr-4": {
                    "DI\\": "src/"
                },
                "files": [
                    "src/functions.php"
                ]
            },
            "notification-url": "https://packagist.org/downloads/",
            "license": [
                "MIT"
            ],
            "description": "The dependency injection container for humans",
            "homepage": "https://php-di.org/",
            "keywords": [
                "PSR-11",
                "container",
                "container-interop",
                "dependency injection",
                "di",
                "ioc",
                "psr11"
            ],
            "funding": [
                {
                    "url": "https://github.com/mnapoli",
                    "type": "github"
                },
                {
                    "url": "https://tidelift.com/funding/github/packagist/php-di/php-di",
                    "type": "tidelift"
                }
            ],
            "time": "2020-10-12T14:39:15+00:00"
        },
        {
            "name": "php-di/phpdoc-reader",
            "version": "2.2.1",
            "source": {
                "type": "git",
                "url": "https://github.com/PHP-DI/PhpDocReader.git",
                "reference": "66daff34cbd2627740ffec9469ffbac9f8c8185c"
            },
            "dist": {
                "type": "zip",
                "url": "https://api.github.com/repos/PHP-DI/PhpDocReader/zipball/66daff34cbd2627740ffec9469ffbac9f8c8185c",
                "reference": "66daff34cbd2627740ffec9469ffbac9f8c8185c",
                "shasum": ""
            },
            "require": {
                "php": ">=7.2.0"
            },
            "require-dev": {
                "mnapoli/hard-mode": "~0.3.0",
                "phpunit/phpunit": "^8.5|^9.0"
            },
            "type": "library",
            "autoload": {
                "psr-4": {
                    "PhpDocReader\\": "src/PhpDocReader"
                }
            },
            "notification-url": "https://packagist.org/downloads/",
            "license": [
                "MIT"
            ],
            "description": "PhpDocReader parses @var and @param values in PHP docblocks (supports namespaced class names with the same resolution rules as PHP)",
            "keywords": [
                "phpdoc",
                "reflection"
            ],
            "time": "2020-10-12T12:39:22+00:00"
        },
        {
            "name": "psr/container",
            "version": "1.0.0",
            "source": {
                "type": "git",
                "url": "https://github.com/php-fig/container.git",
                "reference": "b7ce3b176482dbbc1245ebf52b181af44c2cf55f"
            },
            "dist": {
                "type": "zip",
                "url": "https://api.github.com/repos/php-fig/container/zipball/b7ce3b176482dbbc1245ebf52b181af44c2cf55f",
                "reference": "b7ce3b176482dbbc1245ebf52b181af44c2cf55f",
                "shasum": ""
            },
            "require": {
                "php": ">=5.3.0"
            },
            "type": "library",
            "extra": {
                "branch-alias": {
                    "dev-master": "1.0.x-dev"
                }
            },
            "autoload": {
                "psr-4": {
                    "Psr\\Container\\": "src/"
                }
            },
            "notification-url": "https://packagist.org/downloads/",
            "license": [
                "MIT"
            ],
            "authors": [
                {
                    "name": "PHP-FIG",
                    "homepage": "http://www.php-fig.org/"
                }
            ],
            "description": "Common Container Interface (PHP FIG PSR-11)",
            "homepage": "https://github.com/php-fig/container",
            "keywords": [
                "PSR-11",
                "container",
                "container-interface",
                "container-interop",
                "psr"
            ],
            "time": "2017-02-14T16:28:37+00:00"
        },
        {
            "name": "typisttech/imposter",
            "version": "0.6.1",
            "source": {
                "type": "git",
                "url": "https://github.com/TypistTech/imposter.git",
                "reference": "f52b1a2289d2ea9c660cf9595085d0b11469af83"
            },
            "dist": {
                "type": "zip",
                "url": "https://api.github.com/repos/TypistTech/imposter/zipball/f52b1a2289d2ea9c660cf9595085d0b11469af83",
                "reference": "f52b1a2289d2ea9c660cf9595085d0b11469af83",
                "shasum": ""
            },
            "require": {
                "ext-json": "*",
                "php": "^7.3 || ^8.0"
            },
            "require-dev": {
                "codeception/codeception": "^4.1",
                "codeception/mockery-module": "^0.4.0",
                "codeception/module-asserts": "^1.3",
                "codeception/module-filesystem": "^1.0",
                "squizlabs/php_codesniffer": "^3.5"
            },
            "suggest": {
                "typisttech/imposter-plugin": "Composer plugin to integrate composer and imposter"
            },
            "type": "library",
            "extra": {
                "branch-alias": {
                    "dev-master": "0.6.x-dev"
                }
            },
            "autoload": {
                "psr-4": {
                    "TypistTech\\Imposter\\": "src"
                }
            },
            "notification-url": "https://packagist.org/downloads/",
            "license": [
                "MIT"
            ],
            "authors": [
                {
                    "name": "Typist Tech",
                    "email": "imposter@typist.tech",
                    "homepage": "https://typist.tech"
                },
                {
                    "name": "Tang Rufus",
                    "email": "tangrufus@gmail.com",
                    "homepage": "https://typist.tech",
                    "role": "Developer"
                }
            ],
            "description": "Wrapping all composer vendor packages inside your own namespace. Intended for WordPress plugins.",
            "homepage": "https://github.com/TypistTech/imposter",
            "keywords": [
                "composer",
                "dependency",
                "monkey-patching",
                "namespace",
                "wordpress"
            ],
            "funding": [
                {
                    "url": "https://typist.tech/donation/",
                    "type": "custom"
                },
                {
                    "url": "https://www.paypal.me/iAmTangRufus/30usd",
                    "type": "custom"
                },
                {
                    "url": "https://github.com/tangrufus",
                    "type": "github"
                }
            ],
            "time": "2020-12-06T22:57:09+00:00"
        },
        {
            "name": "typisttech/imposter-plugin",
            "version": "0.6.2",
            "source": {
                "type": "git",
                "url": "https://github.com/TypistTech/imposter-plugin.git",
                "reference": "15fa3c90aca3b79497f438b9e02a6176498de53c"
            },
            "dist": {
                "type": "zip",
                "url": "https://api.github.com/repos/TypistTech/imposter-plugin/zipball/15fa3c90aca3b79497f438b9e02a6176498de53c",
                "reference": "15fa3c90aca3b79497f438b9e02a6176498de53c",
                "shasum": ""
            },
            "require": {
                "composer-plugin-api": "^1.1 || ^2.0",
                "php": "^7.3 || ^8.0",
                "typisttech/imposter": "^0.6.1"
            },
            "require-dev": {
                "codeception/codeception": "^4.1",
                "codeception/module-asserts": "^1.3",
                "codeception/module-cli": "^1.1",
                "codeception/module-filesystem": "^1.0",
                "composer/composer": "^1.10.19 || ^2.0",
                "squizlabs/php_codesniffer": "^3.5",
                "typisttech/codeception-composer-project-module": "^0.1.1"
            },
            "type": "composer-plugin",
            "extra": {
                "branch-alias": {
                    "dev-master": "0.6.x-dev"
                },
                "class": "TypistTech\\Imposter\\Plugin\\ImposterPlugin"
            },
            "autoload": {
                "psr-4": {
                    "TypistTech\\Imposter\\Plugin\\": "src"
                }
            },
            "notification-url": "https://packagist.org/downloads/",
            "license": [
                "MIT"
            ],
            "authors": [
                {
                    "name": "Typist Tech",
                    "email": "imposter-plugin@typist.tech",
                    "homepage": "https://www.typist.tech"
                },
                {
                    "name": "Tang Rufus",
                    "email": "tangrufus@gmail.com",
                    "homepage": "https://www.typist.tech",
                    "role": "Developer"
                }
            ],
            "description": "Composer plugin that wraps all composer vendor packages inside your own namespace. Intended for WordPress plugins.",
            "homepage": "https://github.com/TypistTech/imposter-plugin",
            "keywords": [
                "composer",
                "composer-plugin",
                "dependency",
                "monkey-patching",
                "namespace",
                "wordpress"
            ],
            "funding": [
                {
                    "url": "https://typist.tech/donation/",
                    "type": "custom"
                },
                {
                    "url": "https://www.paypal.me/iAmTangRufus/30usd",
                    "type": "custom"
                },
                {
                    "url": "https://github.com/tangrufus",
                    "type": "github"
                }
            ],
            "time": "2020-12-06T23:41:30+00:00"
        }
    ],
    "packages-dev": [
        {
            "name": "dealerdirect/phpcodesniffer-composer-installer",
            "version": "v0.7.1",
            "source": {
                "type": "git",
                "url": "https://github.com/Dealerdirect/phpcodesniffer-composer-installer.git",
                "reference": "fe390591e0241955f22eb9ba327d137e501c771c"
            },
            "dist": {
                "type": "zip",
                "url": "https://api.github.com/repos/Dealerdirect/phpcodesniffer-composer-installer/zipball/fe390591e0241955f22eb9ba327d137e501c771c",
                "reference": "fe390591e0241955f22eb9ba327d137e501c771c",
                "shasum": ""
            },
            "require": {
                "composer-plugin-api": "^1.0 || ^2.0",
                "php": ">=5.3",
                "squizlabs/php_codesniffer": "^2.0 || ^3.0 || ^4.0"
            },
            "require-dev": {
                "composer/composer": "*",
                "phpcompatibility/php-compatibility": "^9.0",
                "sensiolabs/security-checker": "^4.1.0"
            },
            "type": "composer-plugin",
            "extra": {
                "class": "Dealerdirect\\Composer\\Plugin\\Installers\\PHPCodeSniffer\\Plugin"
            },
            "autoload": {
                "psr-4": {
                    "Dealerdirect\\Composer\\Plugin\\Installers\\PHPCodeSniffer\\": "src/"
                }
            },
            "notification-url": "https://packagist.org/downloads/",
            "license": [
                "MIT"
            ],
            "authors": [
                {
                    "name": "Franck Nijhof",
                    "email": "franck.nijhof@dealerdirect.com",
                    "homepage": "http://www.frenck.nl",
                    "role": "Developer / IT Manager"
                }
            ],
            "description": "PHP_CodeSniffer Standards Composer Installer Plugin",
            "homepage": "http://www.dealerdirect.com",
            "keywords": [
                "PHPCodeSniffer",
                "PHP_CodeSniffer",
                "code quality",
                "codesniffer",
                "composer",
                "installer",
                "phpcs",
                "plugin",
                "qa",
                "quality",
                "standard",
                "standards",
                "style guide",
                "stylecheck",
                "tests"
            ],
            "time": "2020-12-07T18:04:37+00:00"
        },
        {
            "name": "infinum/coding-standards-wp",
            "version": "1.1",
            "source": {
                "type": "git",
                "url": "https://github.com/infinum/eightshift-coding-standards.git",
                "reference": "e28ea7d4f4493c5a775cf4f4413e469626544e11"
            },
            "dist": {
                "type": "zip",
                "url": "https://api.github.com/repos/infinum/eightshift-coding-standards/zipball/e28ea7d4f4493c5a775cf4f4413e469626544e11",
                "reference": "e28ea7d4f4493c5a775cf4f4413e469626544e11",
                "shasum": ""
            },
            "require": {
                "dealerdirect/phpcodesniffer-composer-installer": "^0.7.0",
                "php": "^7.2",
                "phpcompatibility/phpcompatibility-wp": "^2.1",
                "wp-coding-standards/wpcs": "^2.3.0"
            },
            "require-dev": {
                "php-parallel-lint/php-parallel-lint": "^1.2.0",
                "phpcompatibility/php-compatibility": "^9.0",
                "phpunit/phpunit": "^4.0 || ^5.0 || ^6.0 || ^7.0",
                "roave/security-advisories": "dev-master"
            },
            "type": "phpcodesniffer-standard",
            "notification-url": "https://packagist.org/downloads/",
            "license": [
                "MIT"
            ],
            "authors": [
                {
                    "name": "Denis Žoljom",
                    "homepage": "https://github.com/dingo-d",
                    "role": "Lead developer"
                },
                {
                    "name": "Contributors",
                    "homepage": "https://github.com/infinum/eightshift-coding-standards/graphs/contributors"
                }
            ],
            "description": "Eightshift WordPress Coding Standards",
            "homepage": "https://github.com/infinum/eightshift-coding-standards",
            "keywords": [
                "Eightshift",
                "phpcs",
                "standards",
                "wordpress"
            ],
            "abandoned": "infinum/eightshift-coding-standards",
            "time": "2020-11-30T09:24:02+00:00"
        },
        {
            "name": "php-stubs/wordpress-stubs",
            "version": "v5.5.3",
            "source": {
                "type": "git",
                "url": "https://github.com/php-stubs/wordpress-stubs.git",
                "reference": "7a8d0009b38c5fdec777a0a5333552ff6e445065"
            },
            "dist": {
                "type": "zip",
                "url": "https://api.github.com/repos/php-stubs/wordpress-stubs/zipball/7a8d0009b38c5fdec777a0a5333552ff6e445065",
                "reference": "7a8d0009b38c5fdec777a0a5333552ff6e445065",
                "shasum": ""
            },
            "replace": {
                "giacocorsiglia/wordpress-stubs": "*"
            },
            "require-dev": {
                "giacocorsiglia/stubs-generator": "^0.5.0",
                "php": "~7.1"
            },
            "suggest": {
                "paragonie/sodium_compat": "Pure PHP implementation of libsodium",
                "symfony/polyfill-php73": "Symfony polyfill backporting some PHP 7.3+ features to lower PHP versions",
                "szepeviktor/phpstan-wordpress": "WordPress extensions for PHPStan"
            },
            "type": "library",
            "notification-url": "https://packagist.org/downloads/",
            "license": [
                "MIT"
            ],
            "description": "WordPress function and class declaration stubs for static analysis.",
            "homepage": "https://github.com/php-stubs/wordpress-stubs",
            "keywords": [
                "PHPStan",
                "static analysis",
                "wordpress"
            ],
            "time": "2020-10-31T01:42:05+00:00"
        },
        {
            "name": "phpcompatibility/php-compatibility",
            "version": "9.3.5",
            "source": {
                "type": "git",
                "url": "https://github.com/PHPCompatibility/PHPCompatibility.git",
                "reference": "9fb324479acf6f39452e0655d2429cc0d3914243"
            },
            "dist": {
                "type": "zip",
                "url": "https://api.github.com/repos/PHPCompatibility/PHPCompatibility/zipball/9fb324479acf6f39452e0655d2429cc0d3914243",
                "reference": "9fb324479acf6f39452e0655d2429cc0d3914243",
                "shasum": ""
            },
            "require": {
                "php": ">=5.3",
                "squizlabs/php_codesniffer": "^2.3 || ^3.0.2"
            },
            "conflict": {
                "squizlabs/php_codesniffer": "2.6.2"
            },
            "require-dev": {
                "phpunit/phpunit": "~4.5 || ^5.0 || ^6.0 || ^7.0"
            },
            "suggest": {
                "dealerdirect/phpcodesniffer-composer-installer": "^0.5 || This Composer plugin will sort out the PHPCS 'installed_paths' automatically.",
                "roave/security-advisories": "dev-master || Helps prevent installing dependencies with known security issues."
            },
            "type": "phpcodesniffer-standard",
            "notification-url": "https://packagist.org/downloads/",
            "license": [
                "LGPL-3.0-or-later"
            ],
            "authors": [
                {
                    "name": "Wim Godden",
                    "homepage": "https://github.com/wimg",
                    "role": "lead"
                },
                {
                    "name": "Juliette Reinders Folmer",
                    "homepage": "https://github.com/jrfnl",
                    "role": "lead"
                },
                {
                    "name": "Contributors",
                    "homepage": "https://github.com/PHPCompatibility/PHPCompatibility/graphs/contributors"
                }
            ],
            "description": "A set of sniffs for PHP_CodeSniffer that checks for PHP cross-version compatibility.",
            "homepage": "http://techblog.wimgodden.be/tag/codesniffer/",
            "keywords": [
                "compatibility",
                "phpcs",
                "standards"
            ],
            "time": "2019-12-27T09:44:58+00:00"
        },
        {
            "name": "phpcompatibility/phpcompatibility-paragonie",
            "version": "1.3.0",
            "source": {
                "type": "git",
                "url": "https://github.com/PHPCompatibility/PHPCompatibilityParagonie.git",
                "reference": "b862bc32f7e860d0b164b199bd995e690b4b191c"
            },
            "dist": {
                "type": "zip",
                "url": "https://api.github.com/repos/PHPCompatibility/PHPCompatibilityParagonie/zipball/b862bc32f7e860d0b164b199bd995e690b4b191c",
                "reference": "b862bc32f7e860d0b164b199bd995e690b4b191c",
                "shasum": ""
            },
            "require": {
                "phpcompatibility/php-compatibility": "^9.0"
            },
            "require-dev": {
                "dealerdirect/phpcodesniffer-composer-installer": "^0.5",
                "paragonie/random_compat": "dev-master",
                "paragonie/sodium_compat": "dev-master"
            },
            "suggest": {
                "dealerdirect/phpcodesniffer-composer-installer": "^0.5 || This Composer plugin will sort out the PHP_CodeSniffer 'installed_paths' automatically.",
                "roave/security-advisories": "dev-master || Helps prevent installing dependencies with known security issues."
            },
            "type": "phpcodesniffer-standard",
            "notification-url": "https://packagist.org/downloads/",
            "license": [
                "LGPL-3.0-or-later"
            ],
            "authors": [
                {
                    "name": "Wim Godden",
                    "role": "lead"
                },
                {
                    "name": "Juliette Reinders Folmer",
                    "role": "lead"
                }
            ],
            "description": "A set of rulesets for PHP_CodeSniffer to check for PHP cross-version compatibility issues in projects, while accounting for polyfills provided by the Paragonie polyfill libraries.",
            "homepage": "http://phpcompatibility.com/",
            "keywords": [
                "compatibility",
                "paragonie",
                "phpcs",
                "polyfill",
                "standards"
            ],
            "time": "2019-11-04T15:17:54+00:00"
        },
        {
            "name": "phpcompatibility/phpcompatibility-wp",
            "version": "2.1.0",
            "source": {
                "type": "git",
                "url": "https://github.com/PHPCompatibility/PHPCompatibilityWP.git",
                "reference": "41bef18ba688af638b7310666db28e1ea9158b2f"
            },
            "dist": {
                "type": "zip",
                "url": "https://api.github.com/repos/PHPCompatibility/PHPCompatibilityWP/zipball/41bef18ba688af638b7310666db28e1ea9158b2f",
                "reference": "41bef18ba688af638b7310666db28e1ea9158b2f",
                "shasum": ""
            },
            "require": {
                "phpcompatibility/php-compatibility": "^9.0",
                "phpcompatibility/phpcompatibility-paragonie": "^1.0"
            },
            "require-dev": {
                "dealerdirect/phpcodesniffer-composer-installer": "^0.5"
            },
            "suggest": {
                "dealerdirect/phpcodesniffer-composer-installer": "^0.5 || This Composer plugin will sort out the PHP_CodeSniffer 'installed_paths' automatically.",
                "roave/security-advisories": "dev-master || Helps prevent installing dependencies with known security issues."
            },
            "type": "phpcodesniffer-standard",
            "notification-url": "https://packagist.org/downloads/",
            "license": [
                "LGPL-3.0-or-later"
            ],
            "authors": [
                {
                    "name": "Wim Godden",
                    "role": "lead"
                },
                {
                    "name": "Juliette Reinders Folmer",
                    "role": "lead"
                }
            ],
            "description": "A ruleset for PHP_CodeSniffer to check for PHP cross-version compatibility issues in projects, while accounting for polyfills provided by WordPress.",
            "homepage": "http://phpcompatibility.com/",
            "keywords": [
                "compatibility",
                "phpcs",
                "standards",
                "wordpress"
            ],
            "time": "2019-08-28T14:22:28+00:00"
        },
        {
            "name": "phpstan/phpstan",
            "version": "0.12.59",
            "source": {
                "type": "git",
                "url": "https://github.com/phpstan/phpstan.git",
                "reference": "cf4107257c8ca2ad967efdd6a00f12b21acbb779"
            },
            "dist": {
                "type": "zip",
                "url": "https://api.github.com/repos/phpstan/phpstan/zipball/cf4107257c8ca2ad967efdd6a00f12b21acbb779",
                "reference": "cf4107257c8ca2ad967efdd6a00f12b21acbb779",
                "shasum": ""
            },
            "require": {
                "php": "^7.1|^8.0"
            },
            "conflict": {
                "phpstan/phpstan-shim": "*"
            },
            "bin": [
                "phpstan",
                "phpstan.phar"
            ],
            "type": "library",
            "extra": {
                "branch-alias": {
                    "dev-master": "0.12-dev"
                }
            },
            "autoload": {
                "files": [
                    "bootstrap.php"
                ]
            },
            "notification-url": "https://packagist.org/downloads/",
            "license": [
                "MIT"
            ],
            "description": "PHPStan - PHP Static Analysis Tool",
            "funding": [
                {
                    "url": "https://github.com/ondrejmirtes",
                    "type": "github"
                },
                {
                    "url": "https://www.patreon.com/phpstan",
                    "type": "patreon"
                },
                {
                    "url": "https://tidelift.com/funding/github/packagist/phpstan/phpstan",
                    "type": "tidelift"
                }
            ],
            "time": "2020-12-07T14:46:03+00:00"
        },
        {
            "name": "squizlabs/php_codesniffer",
            "version": "3.5.8",
            "source": {
                "type": "git",
                "url": "https://github.com/squizlabs/PHP_CodeSniffer.git",
                "reference": "9d583721a7157ee997f235f327de038e7ea6dac4"
            },
            "dist": {
                "type": "zip",
                "url": "https://api.github.com/repos/squizlabs/PHP_CodeSniffer/zipball/9d583721a7157ee997f235f327de038e7ea6dac4",
                "reference": "9d583721a7157ee997f235f327de038e7ea6dac4",
                "shasum": ""
            },
            "require": {
                "ext-simplexml": "*",
                "ext-tokenizer": "*",
                "ext-xmlwriter": "*",
                "php": ">=5.4.0"
            },
            "require-dev": {
                "phpunit/phpunit": "^4.0 || ^5.0 || ^6.0 || ^7.0"
            },
            "bin": [
                "bin/phpcs",
                "bin/phpcbf"
            ],
            "type": "library",
            "extra": {
                "branch-alias": {
                    "dev-master": "3.x-dev"
                }
            },
            "notification-url": "https://packagist.org/downloads/",
            "license": [
                "BSD-3-Clause"
            ],
            "authors": [
                {
                    "name": "Greg Sherwood",
                    "role": "lead"
                }
            ],
            "description": "PHP_CodeSniffer tokenizes PHP, JavaScript and CSS files and detects violations of a defined set of coding standards.",
            "homepage": "https://github.com/squizlabs/PHP_CodeSniffer",
            "keywords": [
                "phpcs",
                "standards"
            ],
            "time": "2020-10-23T02:01:07+00:00"
        },
        {
            "name": "symfony/polyfill-php73",
            "version": "v1.20.0",
            "source": {
                "type": "git",
                "url": "https://github.com/symfony/polyfill-php73.git",
                "reference": "8ff431c517be11c78c48a39a66d37431e26a6bed"
            },
            "dist": {
                "type": "zip",
                "url": "https://api.github.com/repos/symfony/polyfill-php73/zipball/8ff431c517be11c78c48a39a66d37431e26a6bed",
                "reference": "8ff431c517be11c78c48a39a66d37431e26a6bed",
                "shasum": ""
            },
            "require": {
                "php": ">=7.1"
            },
            "type": "library",
            "extra": {
                "branch-alias": {
                    "dev-main": "1.20-dev"
                },
                "thanks": {
                    "name": "symfony/polyfill",
                    "url": "https://github.com/symfony/polyfill"
                }
            },
            "autoload": {
                "psr-4": {
                    "Symfony\\Polyfill\\Php73\\": ""
                },
                "files": [
                    "bootstrap.php"
                ],
                "classmap": [
                    "Resources/stubs"
                ]
            },
            "notification-url": "https://packagist.org/downloads/",
            "license": [
                "MIT"
            ],
            "authors": [
                {
                    "name": "Nicolas Grekas",
                    "email": "p@tchwork.com"
                },
                {
                    "name": "Symfony Community",
                    "homepage": "https://symfony.com/contributors"
                }
            ],
            "description": "Symfony polyfill backporting some PHP 7.3+ features to lower PHP versions",
            "homepage": "https://symfony.com",
            "keywords": [
                "compatibility",
                "polyfill",
                "portable",
                "shim"
            ],
            "funding": [
                {
                    "url": "https://symfony.com/sponsor",
                    "type": "custom"
                },
                {
                    "url": "https://github.com/fabpot",
                    "type": "github"
                },
                {
                    "url": "https://tidelift.com/funding/github/packagist/symfony/symfony",
                    "type": "tidelift"
                }
            ],
            "time": "2020-10-23T14:02:19+00:00"
        },
        {
            "name": "szepeviktor/phpstan-wordpress",
            "version": "v0.7.1",
            "source": {
                "type": "git",
                "url": "https://github.com/szepeviktor/phpstan-wordpress.git",
                "reference": "6195a6a19830d5ad187df0a3fb350e77cd571a5f"
            },
            "dist": {
                "type": "zip",
                "url": "https://api.github.com/repos/szepeviktor/phpstan-wordpress/zipball/6195a6a19830d5ad187df0a3fb350e77cd571a5f",
                "reference": "6195a6a19830d5ad187df0a3fb350e77cd571a5f",
                "shasum": ""
            },
            "require": {
                "php": "^7.1 || ^8.0",
                "php-stubs/wordpress-stubs": "^4.7 || ^5.0",
                "phpstan/phpstan": "^0.12.26",
                "symfony/polyfill-php73": "^1.12.0"
            },
            "require-dev": {
                "composer/composer": "^1.8.6",
                "dealerdirect/phpcodesniffer-composer-installer": "^0.7.0",
                "php-parallel-lint/php-parallel-lint": "^1.1",
                "phpstan/phpstan-strict-rules": "^0.12",
                "szepeviktor/phpcs-psr-12-neutron-hybrid-ruleset": "^0.4.3"
            },
            "type": "phpstan-extension",
            "extra": {
                "phpstan": {
                    "includes": [
                        "extension.neon"
                    ]
                }
            },
            "autoload": {
                "psr-4": {
                    "PHPStan\\WordPress\\": "src/"
                }
            },
            "notification-url": "https://packagist.org/downloads/",
            "license": [
                "MIT"
            ],
            "description": "WordPress extensions for PHPStan",
            "keywords": [
                "PHPStan",
                "code analyse",
                "code analysis",
                "static analysis",
                "wordpress"
            ],
            "funding": [
                {
                    "url": "https://www.paypal.me/szepeviktor",
                    "type": "custom"
                }
            ],
            "time": "2020-11-05T00:12:19+00:00"
        },
        {
            "name": "wp-coding-standards/wpcs",
            "version": "2.3.0",
            "source": {
                "type": "git",
                "url": "https://github.com/WordPress/WordPress-Coding-Standards.git",
                "reference": "7da1894633f168fe244afc6de00d141f27517b62"
            },
            "dist": {
                "type": "zip",
                "url": "https://api.github.com/repos/WordPress/WordPress-Coding-Standards/zipball/7da1894633f168fe244afc6de00d141f27517b62",
                "reference": "7da1894633f168fe244afc6de00d141f27517b62",
                "shasum": ""
            },
            "require": {
                "php": ">=5.4",
                "squizlabs/php_codesniffer": "^3.3.1"
            },
            "require-dev": {
                "dealerdirect/phpcodesniffer-composer-installer": "^0.5 || ^0.6",
                "phpcompatibility/php-compatibility": "^9.0",
                "phpcsstandards/phpcsdevtools": "^1.0",
                "phpunit/phpunit": "^4.0 || ^5.0 || ^6.0 || ^7.0"
            },
            "suggest": {
                "dealerdirect/phpcodesniffer-composer-installer": "^0.6 || This Composer plugin will sort out the PHPCS 'installed_paths' automatically."
            },
            "type": "phpcodesniffer-standard",
            "notification-url": "https://packagist.org/downloads/",
            "license": [
                "MIT"
            ],
            "authors": [
                {
                    "name": "Contributors",
                    "homepage": "https://github.com/WordPress/WordPress-Coding-Standards/graphs/contributors"
                }
            ],
            "description": "PHP_CodeSniffer rules (sniffs) to enforce WordPress coding conventions",
            "keywords": [
                "phpcs",
                "standards",
                "wordpress"
            ],
            "time": "2020-05-13T23:57:56+00:00"
        }
    ],
    "aliases": [],
    "minimum-stability": "dev",
    "stability-flags": {
        "infinum/eightshift-libs": 20
    },
    "prefer-stable": true,
    "prefer-lowest": false,
    "platform": {
        "php": "^7.2"
    },
    "platform-dev": [],
    "plugin-api-version": "1.1.0"
}
