{
    "_readme": [
        "This file locks the dependencies of your project to a known state",
        "Read more about it at https://getcomposer.org/doc/01-basic-usage.md#installing-dependencies",
        "This file is @generated automatically"
    ],
    "content-hash": "2da83ab52aef1281d72815594e24bf76",
    "packages": [
        {
            "name": "infinum/eightshift-libs",
            "version": "dev-feature/cli",
            "source": {
                "type": "git",
                "url": "https://github.com/infinum/eightshift-libs.git",
                "reference": "6588c51d5b102ef42601c7fa0541678f8e3bfaf2"
            },
            "dist": {
                "type": "zip",
                "url": "https://api.github.com/repos/infinum/eightshift-libs/zipball/6588c51d5b102ef42601c7fa0541678f8e3bfaf2",
                "reference": "6588c51d5b102ef42601c7fa0541678f8e3bfaf2",
                "shasum": ""
            },
            "require": {
                "ext-dom": "*",
                "ext-json": "*",
                "ext-libxml": "*",
                "php": "^7.4 || >=8.0",
                "php-di/invoker": "^2.3.4",
                "php-di/php-di": "^7"
            },
            "require-dev": {
                "brain/monkey": "^2.6.1",
                "captainhook/captainhook": "^5.10",
                "dealerdirect/phpcodesniffer-composer-installer": "^v1.0.0",
                "infinum/eightshift-coding-standards": "2.0.0-beta",
                "pestphp/pest": "^1.20",
                "php-parallel-lint/php-parallel-lint": "^1.3",
                "php-stubs/wordpress-stubs": "^6.3",
                "roave/security-advisories": "dev-master",
                "szepeviktor/phpstan-wordpress": "^1.3",
                "wp-cli/wp-cli": "^2.9",
                "yoast/wp-test-utils": "^1.0"
            },
            "type": "library",
            "autoload": {
                "psr-4": {
                    "EightshiftLibs\\": "src/"
                }
            },
            "autoload-dev": {
                "psr-4": {
                    "Tests\\": "tests/",
                    "Infinum\\": "cliOutput/"
                }
            },
            "scripts": {
                "post-autoload-dump": [
                    "vendor/bin/captainhook install -f -s"
                ],
                "test:types": [
                    "@php ./vendor/bin/phpstan analyze"
                ],
                "test:standards": [
                    "@php ./vendor/squizlabs/php_codesniffer/bin/phpcs --runtime-set testVersion 7.4-"
                ],
                "test:unit": [
                    "@php ./vendor/bin/pest --group=unit"
                ],
                "test:unit-report": [
                    "@php ./vendor/bin/pest --group=unit --log-junit tests/coverage/report.xml"
                ],
                "test:coverage": [
                    "@php ./vendor/bin/pest --group=unit --coverage"
                ],
                "standards:fix": [
                    "@php ./vendor/squizlabs/php_codesniffer/bin/phpcbf --runtime-set testVersion 7.4-"
                ],
                "test": [
                    "@test:standards",
                    "@test:types",
                    "@test:unit"
                ]
            },
            "license": [
                "MIT"
            ],
            "authors": [
                {
                    "name": "Eightshift team",
                    "email": "team@eightshift.com",
                    "homepage": "https://eightshift.com/",
                    "role": "Developer / IT Manager"
                }
            ],
            "description": "WordPress libs developed by Eightshift team to use in modern WordPress.",
            "homepage": "https://eightshift.com/",
            "keywords": [
                "Gutenberg",
                "WordPress",
                "blocks",
                "composer",
                "installer",
                "plugin"
            ],
            "support": {
                "issues": "https://github.com/infinum/eightshift-libs/issues",
                "source": "https://github.com/infinum/eightshift-libs"
            },
            "time": "2024-05-08T07:45:12+00:00"
        },
        {
            "name": "laravel/serializable-closure",
            "version": "v1.3.3",
            "source": {
                "type": "git",
                "url": "https://github.com/laravel/serializable-closure.git",
                "reference": "3dbf8a8e914634c48d389c1234552666b3d43754"
            },
            "dist": {
                "type": "zip",
                "url": "https://api.github.com/repos/laravel/serializable-closure/zipball/3dbf8a8e914634c48d389c1234552666b3d43754",
                "reference": "3dbf8a8e914634c48d389c1234552666b3d43754",
                "shasum": ""
            },
            "require": {
                "php": "^7.3|^8.0"
            },
            "require-dev": {
                "nesbot/carbon": "^2.61",
                "pestphp/pest": "^1.21.3",
                "phpstan/phpstan": "^1.8.2",
                "symfony/var-dumper": "^5.4.11"
            },
            "type": "library",
            "extra": {
                "branch-alias": {
                    "dev-master": "1.x-dev"
                }
            },
            "autoload": {
                "psr-4": {
                    "Laravel\\SerializableClosure\\": "src/"
                }
            },
            "notification-url": "https://packagist.org/downloads/",
            "license": [
                "MIT"
            ],
            "authors": [
                {
                    "name": "Taylor Otwell",
                    "email": "taylor@laravel.com"
                },
                {
                    "name": "Nuno Maduro",
                    "email": "nuno@laravel.com"
                }
            ],
            "description": "Laravel Serializable Closure provides an easy and secure way to serialize closures in PHP.",
            "keywords": [
                "closure",
                "laravel",
                "serializable"
            ],
            "support": {
                "issues": "https://github.com/laravel/serializable-closure/issues",
                "source": "https://github.com/laravel/serializable-closure"
            },
            "time": "2023-11-08T14:08:06+00:00"
        },
        {
            "name": "php-di/invoker",
            "version": "2.3.4",
            "source": {
                "type": "git",
                "url": "https://github.com/PHP-DI/Invoker.git",
                "reference": "33234b32dafa8eb69202f950a1fc92055ed76a86"
            },
            "dist": {
                "type": "zip",
                "url": "https://api.github.com/repos/PHP-DI/Invoker/zipball/33234b32dafa8eb69202f950a1fc92055ed76a86",
                "reference": "33234b32dafa8eb69202f950a1fc92055ed76a86",
                "shasum": ""
            },
            "require": {
                "php": ">=7.3",
                "psr/container": "^1.0|^2.0"
            },
            "require-dev": {
                "athletic/athletic": "~0.1.8",
                "mnapoli/hard-mode": "~0.3.0",
                "phpunit/phpunit": "^9.0"
            },
            "type": "library",
            "autoload": {
                "psr-4": {
                    "Invoker\\": "src/"
                }
            },
            "notification-url": "https://packagist.org/downloads/",
            "license": [
                "MIT"
            ],
            "description": "Generic and extensible callable invoker",
            "homepage": "https://github.com/PHP-DI/Invoker",
            "keywords": [
                "callable",
                "dependency",
                "dependency-injection",
                "injection",
                "invoke",
                "invoker"
            ],
            "support": {
                "issues": "https://github.com/PHP-DI/Invoker/issues",
                "source": "https://github.com/PHP-DI/Invoker/tree/2.3.4"
            },
            "funding": [
                {
                    "url": "https://github.com/mnapoli",
                    "type": "github"
                }
            ],
            "time": "2023-09-08T09:24:21+00:00"
        },
        {
            "name": "php-di/php-di",
            "version": "7.0.6",
            "source": {
                "type": "git",
                "url": "https://github.com/PHP-DI/PHP-DI.git",
                "reference": "8097948a89f6ec782839b3e958432f427cac37fd"
            },
            "dist": {
                "type": "zip",
                "url": "https://api.github.com/repos/PHP-DI/PHP-DI/zipball/8097948a89f6ec782839b3e958432f427cac37fd",
                "reference": "8097948a89f6ec782839b3e958432f427cac37fd",
                "shasum": ""
            },
            "require": {
                "laravel/serializable-closure": "^1.0",
                "php": ">=8.0",
                "php-di/invoker": "^2.0",
                "psr/container": "^1.1 || ^2.0"
            },
            "provide": {
                "psr/container-implementation": "^1.0"
            },
            "require-dev": {
                "friendsofphp/php-cs-fixer": "^3",
                "friendsofphp/proxy-manager-lts": "^1",
                "mnapoli/phpunit-easymock": "^1.3",
                "phpunit/phpunit": "^9.5",
                "vimeo/psalm": "^4.6"
            },
            "suggest": {
                "friendsofphp/proxy-manager-lts": "Install it if you want to use lazy injection (version ^1)"
            },
            "type": "library",
            "autoload": {
                "files": [
                    "src/functions.php"
                ],
                "psr-4": {
                    "DI\\": "src/"
                }
            },
            "notification-url": "https://packagist.org/downloads/",
            "license": [
                "MIT"
            ],
            "description": "The dependency injection container for humans",
            "homepage": "https://php-di.org/",
            "keywords": [
                "PSR-11",
                "container",
                "container-interop",
                "dependency injection",
                "di",
                "ioc",
                "psr11"
            ],
            "support": {
                "issues": "https://github.com/PHP-DI/PHP-DI/issues",
                "source": "https://github.com/PHP-DI/PHP-DI/tree/7.0.6"
            },
            "funding": [
                {
                    "url": "https://github.com/mnapoli",
                    "type": "github"
                },
                {
                    "url": "https://tidelift.com/funding/github/packagist/php-di/php-di",
                    "type": "tidelift"
                }
            ],
            "time": "2023-11-02T10:04:50+00:00"
        },
        {
            "name": "psr/container",
            "version": "2.0.2",
            "source": {
                "type": "git",
                "url": "https://github.com/php-fig/container.git",
                "reference": "c71ecc56dfe541dbd90c5360474fbc405f8d5963"
            },
            "dist": {
                "type": "zip",
                "url": "https://api.github.com/repos/php-fig/container/zipball/c71ecc56dfe541dbd90c5360474fbc405f8d5963",
                "reference": "c71ecc56dfe541dbd90c5360474fbc405f8d5963",
                "shasum": ""
            },
            "require": {
                "php": ">=7.4.0"
            },
            "type": "library",
            "extra": {
                "branch-alias": {
                    "dev-master": "2.0.x-dev"
                }
            },
            "autoload": {
                "psr-4": {
                    "Psr\\Container\\": "src/"
                }
            },
            "notification-url": "https://packagist.org/downloads/",
            "license": [
                "MIT"
            ],
            "authors": [
                {
                    "name": "PHP-FIG",
                    "homepage": "https://www.php-fig.org/"
                }
            ],
            "description": "Common Container Interface (PHP FIG PSR-11)",
            "homepage": "https://github.com/php-fig/container",
            "keywords": [
                "PSR-11",
                "container",
                "container-interface",
                "container-interop",
                "psr"
            ],
            "support": {
                "issues": "https://github.com/php-fig/container/issues",
                "source": "https://github.com/php-fig/container/tree/2.0.2"
            },
            "time": "2021-11-05T16:47:00+00:00"
        }
    ],
    "packages-dev": [
        {
            "name": "mustache/mustache",
            "version": "v2.14.2",
            "source": {
                "type": "git",
                "url": "https://github.com/bobthecow/mustache.php.git",
                "reference": "e62b7c3849d22ec55f3ec425507bf7968193a6cb"
            },
            "dist": {
                "type": "zip",
                "url": "https://api.github.com/repos/bobthecow/mustache.php/zipball/e62b7c3849d22ec55f3ec425507bf7968193a6cb",
                "reference": "e62b7c3849d22ec55f3ec425507bf7968193a6cb",
                "shasum": ""
            },
            "require": {
                "php": ">=5.2.4"
            },
            "require-dev": {
                "friendsofphp/php-cs-fixer": "~1.11",
                "phpunit/phpunit": "~3.7|~4.0|~5.0"
            },
            "type": "library",
            "autoload": {
                "psr-0": {
                    "Mustache": "src/"
                }
            },
            "notification-url": "https://packagist.org/downloads/",
            "license": [
                "MIT"
            ],
            "authors": [
                {
                    "name": "Justin Hileman",
                    "email": "justin@justinhileman.info",
                    "homepage": "http://justinhileman.com"
                }
            ],
            "description": "A Mustache implementation in PHP.",
            "homepage": "https://github.com/bobthecow/mustache.php",
            "keywords": [
                "mustache",
                "templating"
            ],
            "support": {
                "issues": "https://github.com/bobthecow/mustache.php/issues",
                "source": "https://github.com/bobthecow/mustache.php/tree/v2.14.2"
            },
            "time": "2022-08-23T13:07:01+00:00"
        },
        {
            "name": "symfony/finder",
            "version": "v7.0.7",
            "source": {
                "type": "git",
                "url": "https://github.com/symfony/finder.git",
                "reference": "4d58f0f4fe95a30d7b538d71197135483560b97c"
            },
            "dist": {
                "type": "zip",
                "url": "https://api.github.com/repos/symfony/finder/zipball/4d58f0f4fe95a30d7b538d71197135483560b97c",
                "reference": "4d58f0f4fe95a30d7b538d71197135483560b97c",
                "shasum": ""
            },
            "require": {
                "php": ">=8.2"
            },
            "require-dev": {
                "symfony/filesystem": "^6.4|^7.0"
            },
            "type": "library",
            "autoload": {
                "psr-4": {
                    "Symfony\\Component\\Finder\\": ""
                },
                "exclude-from-classmap": [
                    "/Tests/"
                ]
            },
            "notification-url": "https://packagist.org/downloads/",
            "license": [
                "MIT"
            ],
            "authors": [
                {
                    "name": "Fabien Potencier",
                    "email": "fabien@symfony.com"
                },
                {
                    "name": "Symfony Community",
                    "homepage": "https://symfony.com/contributors"
                }
            ],
            "description": "Finds files and directories via an intuitive fluent interface",
            "homepage": "https://symfony.com",
            "support": {
                "source": "https://github.com/symfony/finder/tree/v7.0.7"
            },
            "funding": [
                {
                    "url": "https://symfony.com/sponsor",
                    "type": "custom"
                },
                {
                    "url": "https://github.com/fabpot",
                    "type": "github"
                },
                {
                    "url": "https://tidelift.com/funding/github/packagist/symfony/symfony",
                    "type": "tidelift"
                }
            ],
            "time": "2024-04-28T11:44:19+00:00"
        },
        {
            "name": "wp-cli/mustangostang-spyc",
            "version": "0.6.3",
            "source": {
                "type": "git",
                "url": "https://github.com/wp-cli/spyc.git",
                "reference": "6aa0b4da69ce9e9a2c8402dab8d43cf32c581cc7"
            },
            "dist": {
                "type": "zip",
                "url": "https://api.github.com/repos/wp-cli/spyc/zipball/6aa0b4da69ce9e9a2c8402dab8d43cf32c581cc7",
                "reference": "6aa0b4da69ce9e9a2c8402dab8d43cf32c581cc7",
                "shasum": ""
            },
            "require": {
                "php": ">=5.3.1"
            },
            "require-dev": {
                "phpunit/phpunit": "4.3.*@dev"
            },
            "type": "library",
            "extra": {
                "branch-alias": {
                    "dev-master": "0.5.x-dev"
                }
            },
            "autoload": {
                "files": [
                    "includes/functions.php"
                ],
                "psr-4": {
                    "Mustangostang\\": "src/"
                }
            },
            "notification-url": "https://packagist.org/downloads/",
            "license": [
                "MIT"
            ],
            "authors": [
                {
                    "name": "mustangostang",
                    "email": "vlad.andersen@gmail.com"
                }
            ],
            "description": "A simple YAML loader/dumper class for PHP (WP-CLI fork)",
            "homepage": "https://github.com/mustangostang/spyc/",
            "support": {
                "source": "https://github.com/wp-cli/spyc/tree/autoload"
            },
            "time": "2017-04-25T11:26:20+00:00"
        },
        {
            "name": "wp-cli/php-cli-tools",
            "version": "v0.11.22",
            "source": {
                "type": "git",
                "url": "https://github.com/wp-cli/php-cli-tools.git",
                "reference": "a6bb94664ca36d0962f9c2ff25591c315a550c51"
            },
            "dist": {
                "type": "zip",
                "url": "https://api.github.com/repos/wp-cli/php-cli-tools/zipball/a6bb94664ca36d0962f9c2ff25591c315a550c51",
                "reference": "a6bb94664ca36d0962f9c2ff25591c315a550c51",
                "shasum": ""
            },
            "require": {
                "php": ">= 5.3.0"
            },
            "require-dev": {
                "roave/security-advisories": "dev-latest",
                "wp-cli/wp-cli-tests": "^4"
            },
            "type": "library",
            "extra": {
                "branch-alias": {
                    "dev-master": "0.11.x-dev"
                }
            },
            "autoload": {
                "files": [
                    "lib/cli/cli.php"
                ],
                "psr-0": {
                    "cli": "lib/"
                }
            },
            "notification-url": "https://packagist.org/downloads/",
            "license": [
                "MIT"
            ],
            "authors": [
                {
                    "name": "Daniel Bachhuber",
                    "email": "daniel@handbuilt.co",
                    "role": "Maintainer"
                },
                {
                    "name": "James Logsdon",
                    "email": "jlogsdon@php.net",
                    "role": "Developer"
                }
            ],
            "description": "Console utilities for PHP",
            "homepage": "http://github.com/wp-cli/php-cli-tools",
            "keywords": [
                "cli",
                "console"
            ],
            "support": {
                "issues": "https://github.com/wp-cli/php-cli-tools/issues",
                "source": "https://github.com/wp-cli/php-cli-tools/tree/v0.11.22"
            },
            "time": "2023-12-03T19:25:05+00:00"
        },
        {
            "name": "wp-cli/wp-cli",
            "version": "v2.10.0",
            "source": {
                "type": "git",
                "url": "https://github.com/wp-cli/wp-cli.git",
                "reference": "a339dca576df73c31af4b4d8054efc2dab9a0685"
            },
            "dist": {
                "type": "zip",
                "url": "https://api.github.com/repos/wp-cli/wp-cli/zipball/a339dca576df73c31af4b4d8054efc2dab9a0685",
                "reference": "a339dca576df73c31af4b4d8054efc2dab9a0685",
                "shasum": ""
            },
            "require": {
                "ext-curl": "*",
                "mustache/mustache": "^2.14.1",
                "php": "^5.6 || ^7.0 || ^8.0",
                "symfony/finder": ">2.7",
                "wp-cli/mustangostang-spyc": "^0.6.3",
                "wp-cli/php-cli-tools": "~0.11.2"
            },
            "require-dev": {
                "roave/security-advisories": "dev-latest",
                "wp-cli/db-command": "^1.3 || ^2",
                "wp-cli/entity-command": "^1.2 || ^2",
                "wp-cli/extension-command": "^1.1 || ^2",
                "wp-cli/package-command": "^1 || ^2",
                "wp-cli/wp-cli-tests": "^4.0.1"
            },
            "suggest": {
                "ext-readline": "Include for a better --prompt implementation",
                "ext-zip": "Needed to support extraction of ZIP archives when doing downloads or updates"
            },
            "bin": [
                "bin/wp",
                "bin/wp.bat"
            ],
            "type": "library",
            "extra": {
                "branch-alias": {
                    "dev-main": "2.10.x-dev"
                }
            },
            "autoload": {
                "psr-0": {
                    "WP_CLI\\": "php/"
                },
                "classmap": [
                    "php/class-wp-cli.php",
                    "php/class-wp-cli-command.php"
                ]
            },
            "notification-url": "https://packagist.org/downloads/",
            "license": [
                "MIT"
            ],
            "description": "WP-CLI framework",
            "homepage": "https://wp-cli.org",
            "keywords": [
                "cli",
                "wordpress"
            ],
            "support": {
                "docs": "https://make.wordpress.org/cli/handbook/",
                "issues": "https://github.com/wp-cli/wp-cli/issues",
                "source": "https://github.com/wp-cli/wp-cli"
            },
            "time": "2024-02-08T16:52:43+00:00"
        }
    ],
    "aliases": [],
    "minimum-stability": "dev",
    "stability-flags": {
        "infinum/eightshift-libs": 20
    },
    "prefer-stable": true,
    "prefer-lowest": false,
    "platform": {
        "php": "^7.4 || >=8.0"
    },
    "platform-dev": [],
    "plugin-api-version": "2.6.0"
}
