{
  "name": "create-wp-boilerplate-theme",
  "version": "0.1.10",
  "lockfileVersion": 1,
  "requires": true,
  "dependencies": {
    "mkdir-promise": {
      "version": "1.0.0",
      "resolved": "https://registry.npmjs.org/mkdir-promise/-/mkdir-promise-1.0.0.tgz",
      "integrity": "sha1-ga04Xmnkk844Uxa5wYovFCieMz4="
    }
  }
}
